
Microsoft Visual Studio Solution File, Format Version 12.00
# Visual Studio 14
VisualStudioVersion = 14.0.25420.1
MinimumVisualStudioVersion = 10.0.40219.1
Project("{FAE04EC0-301F-11D3-BF4B-00C04F79EFBC}") = "Recipes", "Recipes\Recipes.csproj", "{3DCAA05A-2C66-44AD-91D6-6CC29A7A84BB}"
EndProject
Global
	GlobalSection(SolutionConfigurationPlatforms) = preSolution
		Debug|Any CPU = Debug|Any CPU
		Release|Any CPU = Release|Any CPU
	EndGlobalSection
	GlobalSection(ProjectConfigurationPlatforms) = postSolution
		{3DCAA05A-2C66-44AD-91D6-6CC29A7A84BB}.Debug|Any CPU.ActiveCfg = Debug|Any CPU
		{3DCAA05A-2C66-44AD-91D6-6CC29A7A84BB}.Debug|Any CPU.Build.0 = Debug|Any CPU
		{3DCAA05A-2C66-44AD-91D6-6CC29A7A84BB}.Debug|Any CPU.Deploy.0 = Debug|Any CPU
		{3DCAA05A-2C66-44AD-91D6-6CC29A7A84BB}.Release|Any CPU.ActiveCfg = Release|Any CPU
		{3DCAA05A-2C66-44AD-91D6-6CC29A7A84BB}.Release|Any CPU.Build.0 = Release|Any CPU
		{3DCAA05A-2C66-44AD-91D6-6CC29A7A84BB}.Release|Any CPU.Deploy.0 = Release|Any CPU
	EndGlobalSection
	GlobalSection(SolutionProperties) = preSolution
		HideSolutionNode = FALSE
	EndGlobalSection
EndGlobal
